{
  "name": "dashboard",
  "lockfileVersion": 3,
  "requires": true,
  "packages": {
    "": {
      "dependencies": {
        "safecolor": "^1.0.1"
      }
    },
    "node_modules/safecolor": {
      "version": "1.0.1",
      "resolved": "https://registry.npmjs.org/safecolor/-/safecolor-1.0.1.tgz",
      "integrity": "sha512-Gv+4W+zKdViltaXv36U8/4BIOBxNxN8/mfPVyiO7qobCcSFsBK8+UtrclJizecKgK02458feT/9PXZXLxo0YxA==",
      "license": "MIT"
    }
  }
}
